// !$*UTF8*$!
{
	archiveVersion = 1;
	classes = {
	};
	objectVersion = 50;
	objects = {

/* Begin PBXBuildFile section */
		EAAC9B2626264CEE00DE02D8 /* AppDelegate.swift in Sources */ = {isa = PBXBuildFile; fileRef = EAAC9B2526264CEE00DE02D8 /* AppDelegate.swift */; };
		EAAC9B2826264CEE00DE02D8 /* SceneDelegate.swift in Sources */ = {isa = PBXBuildFile; fileRef = EAAC9B2726264CEE00DE02D8 /* SceneDelegate.swift */; };
		EAAC9B2A26264CEE00DE02D8 /* ViewController.swift in Sources */ = {isa = PBXBuildFile; fileRef = EAAC9B2926264CEE00DE02D8 /* ViewController.swift */; };
		EAAC9B2D26264CEE00DE02D8 /* Main.storyboard in Resources */ = {isa = PBXBuildFile; fileRef = EAAC9B2B26264CEE00DE02D8 /* Main.storyboard */; };
		EAAC9B2F26264CEF00DE02D8 /* Assets.xcassets in Resources */ = {isa = PBXBuildFile; fileRef = EAAC9B2E26264CEF00DE02D8 /* Assets.xcassets */; };
		EAAC9B3226264CEF00DE02D8 /* LaunchScreen.storyboard in Resources */ = {isa = PBXBuildFile; fileRef = EAAC9B3026264CEF00DE02D8 /* LaunchScreen.storyboard */; };
		EAAC9B3D26264CF000DE02D8 /* Actividad10_UPGTests.swift in Sources */ = {isa = PBXBuildFile; fileRef = EAAC9B3C26264CF000DE02D8 /* Actividad10_UPGTests.swift */; };
		EAAC9B4826264CF000DE02D8 /* Actividad10_UPGUITests.swift in Sources */ = {isa = PBXBuildFile; fileRef = EAAC9B4726264CF000DE02D8 /* Actividad10_UPGUITests.swift */; };
/* End PBXBuildFile section */

/* Begin PBXContainerItemProxy section */
		EAAC9B3926264CF000DE02D8 /* PBXContainerItemProxy */ = {
			isa = PBXContainerItemProxy;
			containerPortal = EAAC9B1A26264CEE00DE02D8 /* Project object */;
			proxyType = 1;
			remoteGlobalIDString = EAAC9B2126264CEE00DE02D8;
			remoteInfo = Actividad10_UPG;
		};
		EAAC9B4426264CF000DE02D8 /* PBXContainerItemProxy */ = {
			isa = PBXContainerItemProxy;
			containerPortal = EAAC9B1A26264CEE00DE02D8 /* Project object */;
			proxyType = 1;
			remoteGlobalIDString = EAAC9B2126264CEE00DE02D8;
			remoteInfo = Actividad10_UPG;
		};
/* End PBXContainerItemProxy section */

/* Begin PBXFileReference section */
		EAAC9B2226264CEE00DE02D8 /* Actividad10_UPG.app */ = {isa = PBXFileReference; explicitFileType = wrapper.application; includeInIndex = 0; path = Actividad10_UPG.app; sourceTree = BUILT_PRODUCTS_DIR; };
		EAAC9B2526264CEE00DE02D8 /* AppDelegate.swift */ = {isa = PBXFileReference; lastKnownFileType = sourcecode.swift; path = AppDelegate.swift; sourceTree = "<group>"; };
		EAAC9B2726264CEE00DE02D8 /* SceneDelegate.swift */ = {isa = PBXFileReference; lastKnownFileType = sourcecode.swift; path = SceneDelegate.swift; sourceTree = "<group>"; };
		EAAC9B2926264CEE00DE02D8 /* ViewController.swift */ = {isa = PBXFileReference; lastKnownFileType = sourcecode.swift; path = ViewController.swift; sourceTree = "<group>"; };
		EAAC9B2C26264CEE00DE02D8 /* Base */ = {isa = PBXFileReference; lastKnownFileType = file.storyboard; name = Base; path = Base.lproj/Main.storyboard; sourceTree = "<group>"; };
		EAAC9B2E26264CEF00DE02D8 /* Assets.xcassets */ = {isa = PBXFileReference; lastKnownFileType = folder.assetcatalog; path = Assets.xcassets; sourceTree = "<group>"; };
		EAAC9B3126264CEF00DE02D8 /* Base */ = {isa = PBXFileReference; lastKnownFileType = file.storyboard; name = Base; path = Base.lproj/LaunchScreen.storyboard; sourceTree = "<group>"; };
		EAAC9B3326264CEF00DE02D8 /* Info.plist */ = {isa = PBXFileReference; lastKnownFileType = text.plist.xml; path = Info.plist; sourceTree = "<group>"; };
		EAAC9B3826264CF000DE02D8 /* Actividad10_UPGTests.xctest */ = {isa = PBXFileReference; explicitFileType = wrapper.cfbundle; includeInIndex = 0; path = Actividad10_UPGTests.xctest; sourceTree = BUILT_PRODUCTS_DIR; };
		EAAC9B3C26264CF000DE02D8 /* Actividad10_UPGTests.swift */ = {isa = PBXFileReference; lastKnownFileType = sourcecode.swift; path = Actividad10_UPGTests.swift; sourceTree = "<group>"; };
		EAAC9B3E26264CF000DE02D8 /* Info.plist */ = {isa = PBXFileReference; lastKnownFileType = text.plist.xml; path = Info.plist; sourceTree = "<group>"; };
		EAAC9B4326264CF000DE02D8 /* Actividad10_UPGUITests.xctest */ = {isa = PBXFileReference; explicitFileType = wrapper.cfbundle; includeInIndex = 0; path = Actividad10_UPGUITests.xctest; sourceTree = BUILT_PRODUCTS_DIR; };
		EAAC9B4726264CF000DE02D8 /* Actividad10_UPGUITests.swift */ = {isa = PBXFileReference; lastKnownFileType = sourcecode.swift; path = Actividad10_UPGUITests.swift; sourceTree = "<group>"; };
		EAAC9B4926264CF000DE02D8 /* Info.plist */ = {isa = PBXFileReference; lastKnownFileType = text.plist.xml; path = Info.plist; sourceTree = "<group>"; };
/* End PBXFileReference section */

/* Begin PBXFrameworksBuildPhase section */
		EAAC9B1F26264CEE00DE02D8 /* Frameworks */ = {
			isa = PBXFrameworksBuildPhase;
			buildActionMask = 2147483647;
			files = (
			);
			runOnlyForDeploymentPostprocessing = 0;
		};
		EAAC9B3526264CF000DE02D8 /* Frameworks */ = {
			isa = PBXFrameworksBuildPhase;
			buildActionMask = 2147483647;
			files = (
			);
			runOnlyForDeploymentPostprocessing = 0;
		};
		EAAC9B4026264CF000DE02D8 /* Frameworks */ = {
			isa = PBXFrameworksBuildPhase;
			buildActionMask = 2147483647;
			files = (
			);
			runOnlyForDeploymentPostprocessing = 0;
		};
/* End PBXFrameworksBuildPhase section */

/* Begin PBXGroup section */
		EAAC9B1926264CEE00DE02D8 = {
			isa = PBXGroup;
			children = (
				EAAC9B2426264CEE00DE02D8 /* Actividad10_UPG */,
				EAAC9B3B26264CF000DE02D8 /* Actividad10_UPGTests */,
				EAAC9B4626264CF000DE02D8 /* Actividad10_UPGUITests */,
				EAAC9B2326264CEE00DE02D8 /* Products */,
			);
			sourceTree = "<group>";
		};
		EAAC9B2326264CEE00DE02D8 /* Products */ = {
			isa = PBXGroup;
			children = (
				EAAC9B2226264CEE00DE02D8 /* Actividad10_UPG.app */,
				EAAC9B3826264CF000DE02D8 /* Actividad10_UPGTests.xctest */,
				EAAC9B4326264CF000DE02D8 /* Actividad10_UPGUITests.xctest */,
			);
			name = Products;
			sourceTree = "<group>";
		};
		EAAC9B2426264CEE00DE02D8 /* Actividad10_UPG */ = {
			isa = PBXGroup;
			children = (
				EAAC9B2526264CEE00DE02D8 /* AppDelegate.swift */,
				EAAC9B2726264CEE00DE02D8 /* SceneDelegate.swift */,
				EAAC9B2926264CEE00DE02D8 /* ViewController.swift */,
				EAAC9B2B26264CEE00DE02D8 /* Main.storyboard */,
				EAAC9B2E26264CEF00DE02D8 /* Assets.xcassets */,
				EAAC9B3026264CEF00DE02D8 /* LaunchScreen.storyboard */,
				EAAC9B3326264CEF00DE02D8 /* Info.plist */,
			);
			path = Actividad10_UPG;
			sourceTree = "<group>";
		};
		EAAC9B3B26264CF000DE02D8 /* Actividad10_UPGTests */ = {
			isa = PBXGroup;
			children = (
				EAAC9B3C26264CF000DE02D8 /* Actividad10_UPGTests.swift */,
				EAAC9B3E26264CF000DE02D8 /* Info.plist */,
			);
			path = Actividad10_UPGTests;
			sourceTree = "<group>";
		};
		EAAC9B4626264CF000DE02D8 /* Actividad10_UPGUITests */ = {
			isa = PBXGroup;
			children = (
				EAAC9B4726264CF000DE02D8 /* Actividad10_UPGUITests.swift */,
				EAAC9B4926264CF000DE02D8 /* Info.plist */,
			);
			path = Actividad10_UPGUITests;
			sourceTree = "<group>";
		};
/* End PBXGroup section */

/* Begin PBXNativeTarget section */
		EAAC9B2126264CEE00DE02D8 /* Actividad10_UPG */ = {
			isa = PBXNativeTarget;
			buildConfigurationList = EAAC9B4C26264CF000DE02D8 /* Build configuration list for PBXNativeTarget "Actividad10_UPG" */;
			buildPhases = (
				EAAC9B1E26264CEE00DE02D8 /* Sources */,
				EAAC9B1F26264CEE00DE02D8 /* Frameworks */,
				EAAC9B2026264CEE00DE02D8 /* Resources */,
			);
			buildRules = (
			);
			dependencies = (
			);
			name = Actividad10_UPG;
			productName = Actividad10_UPG;
			productReference = EAAC9B2226264CEE00DE02D8 /* Actividad10_UPG.app */;
			productType = "com.apple.product-type.application";
		};
		EAAC9B3726264CF000DE02D8 /* Actividad10_UPGTests */ = {
			isa = PBXNativeTarget;
			buildConfigurationList = EAAC9B4F26264CF000DE02D8 /* Build configuration list for PBXNativeTarget "Actividad10_UPGTests" */;
			buildPhases = (
				EAAC9B3426264CF000DE02D8 /* Sources */,
				EAAC9B3526264CF000DE02D8 /* Frameworks */,
				EAAC9B3626264CF000DE02D8 /* Resources */,
			);
			buildRules = (
			);
			dependencies = (
				EAAC9B3A26264CF000DE02D8 /* PBXTargetDependency */,
			);
			name = Actividad10_UPGTests;
			productName = Actividad10_UPGTests;
			productReference = EAAC9B3826264CF000DE02D8 /* Actividad10_UPGTests.xctest */;
			productType = "com.apple.product-type.bundle.unit-test";
		};
		EAAC9B4226264CF000DE02D8 /* Actividad10_UPGUITests */ = {
			isa = PBXNativeTarget;
			buildConfigurationList = EAAC9B5226264CF000DE02D8 /* Build configuration list for PBXNativeTarget "Actividad10_UPGUITests" */;
			buildPhases = (
				EAAC9B3F26264CF000DE02D8 /* Sources */,
				EAAC9B4026264CF000DE02D8 /* Frameworks */,
				EAAC9B4126264CF000DE02D8 /* Resources */,
			);
			buildRules = (
			);
			dependencies = (
				EAAC9B4526264CF000DE02D8 /* PBXTargetDependency */,
			);
			name = Actividad10_UPGUITests;
			productName = Actividad10_UPGUITests;
			productReference = EAAC9B4326264CF000DE02D8 /* Actividad10_UPGUITests.xctest */;
			productType = "com.apple.product-type.bundle.ui-testing";
		};
/* End PBXNativeTarget section */

/* Begin PBXProject section */
		EAAC9B1A26264CEE00DE02D8 /* Project object */ = {
			isa = PBXProject;
			attributes = {
				LastSwiftUpdateCheck = 1130;
				LastUpgradeCheck = 1130;
				ORGANIZATIONNAME = user182915;
				TargetAttributes = {
					EAAC9B2126264CEE00DE02D8 = {
						CreatedOnToolsVersion = 11.3.1;
					};
					EAAC9B3726264CF000DE02D8 = {
						CreatedOnToolsVersion = 11.3.1;
						TestTargetID = EAAC9B2126264CEE00DE02D8;
					};
					EAAC9B4226264CF000DE02D8 = {
						CreatedOnToolsVersion = 11.3.1;
						TestTargetID = EAAC9B2126264CEE00DE02D8;
					};
				};
			};
			buildConfigurationList = EAAC9B1D26264CEE00DE02D8 /* Build configuration list for PBXProject "Actividad10_UPG" */;
			compatibilityVersion = "Xcode 9.3";
			developmentRegion = en;
			hasScannedForEncodings = 0;
			knownRegions = (
				en,
				Base,
			);
			mainGroup = EAAC9B1926264CEE00DE02D8;
			productRefGroup = EAAC9B2326264CEE00DE02D8 /* Products */;
			projectDirPath = "";
			projectRoot = "";
			targets = (
				EAAC9B2126264CEE00DE02D8 /* Actividad10_UPG */,
				EAAC9B3726264CF000DE02D8 /* Actividad10_UPGTests */,
				EAAC9B4226264CF000DE02D8 /* Actividad10_UPGUITests */,
			);
		};
/* End PBXProject section */

/* Begin PBXResourcesBuildPhase section */
		EAAC9B2026264CEE00DE02D8 /* Resources */ = {
			isa = PBXResourcesBuildPhase;
			buildActionMask = 2147483647;
			files = (
				EAAC9B3226264CEF00DE02D8 /* LaunchScreen.storyboard in Resources */,
				EAAC9B2F26264CEF00DE02D8 /* Assets.xcassets in Resources */,
				EAAC9B2D26264CEE00DE02D8 /* Main.storyboard in Resources */,
			);
			runOnlyForDeploymentPostprocessing = 0;
		};
		EAAC9B3626264CF000DE02D8 /* Resources */ = {
			isa = PBXResourcesBuildPhase;
			buildActionMask = 2147483647;
			files = (
			);
			runOnlyForDeploymentPostprocessing = 0;
		};
		EAAC9B4126264CF000DE02D8 /* Resources */ = {
			isa = PBXResourcesBuildPhase;
			buildActionMask = 2147483647;
			files = (
			);
			runOnlyForDeploymentPostprocessing = 0;
		};
/* End PBXResourcesBuildPhase section */

/* Begin PBXSourcesBuildPhase section */
		EAAC9B1E26264CEE00DE02D8 /* Sources */ = {
			isa = PBXSourcesBuildPhase;
			buildActionMask = 2147483647;
			files = (
				EAAC9B2A26264CEE00DE02D8 /* ViewController.swift in Sources */,
				EAAC9B2626264CEE00DE02D8 /* AppDelegate.swift in Sources */,
				EAAC9B2826264CEE00DE02D8 /* SceneDelegate.swift in Sources */,
			);
			runOnlyForDeploymentPostprocessing = 0;
		};
		EAAC9B3426264CF000DE02D8 /* Sources */ = {
			isa = PBXSourcesBuildPhase;
			buildActionMask = 2147483647;
			files = (
				EAAC9B3D26264CF000DE02D8 /* Actividad10_UPGTests.swift in Sources */,
			);
			runOnlyForDeploymentPostprocessing = 0;
		};
		EAAC9B3F26264CF000DE02D8 /* Sources */ = {
			isa = PBXSourcesBuildPhase;
			buildActionMask = 2147483647;
			files = (
				EAAC9B4826264CF000DE02D8 /* Actividad10_UPGUITests.swift in Sources */,
			);
			runOnlyForDeploymentPostprocessing = 0;
		};
/* End PBXSourcesBuildPhase section */

/* Begin PBXTargetDependency section */
		EAAC9B3A26264CF000DE02D8 /* PBXTargetDependency */ = {
			isa = PBXTargetDependency;
			target = EAAC9B2126264CEE00DE02D8 /* Actividad10_UPG */;
			targetProxy = EAAC9B3926264CF000DE02D8 /* PBXContainerItemProxy */;
		};
		EAAC9B4526264CF000DE02D8 /* PBXTargetDependency */ = {
			isa = PBXTargetDependency;
			target = EAAC9B2126264CEE00DE02D8 /* Actividad10_UPG */;
			targetProxy = EAAC9B4426264CF000DE02D8 /* PBXContainerItemProxy */;
		};
/* End PBXTargetDependency section */

/* Begin PBXVariantGroup section */
		EAAC9B2B26264CEE00DE02D8 /* Main.storyboard */ = {
			isa = PBXVariantGroup;
			children = (
				EAAC9B2C26264CEE00DE02D8 /* Base */,
			);
			name = Main.storyboard;
			sourceTree = "<group>";
		};
		EAAC9B3026264CEF00DE02D8 /* LaunchScreen.storyboard */ = {
			isa = PBXVariantGroup;
			children = (
				EAAC9B3126264CEF00DE02D8 /* Base */,
			);
			name = LaunchScreen.storyboard;
			sourceTree = "<group>";
		};
/* End PBXVariantGroup section */

/* Begin XCBuildConfiguration section */
		EAAC9B4A26264CF000DE02D8 /* Debug */ = {
			isa = XCBuildConfiguration;
			buildSettings = {
				ALWAYS_SEARCH_USER_PATHS = NO;
				CLANG_ANALYZER_NONNULL = YES;
				CLANG_ANALYZER_NUMBER_OBJECT_CONVERSION = YES_AGGRESSIVE;
				CLANG_CXX_LANGUAGE_STANDARD = "gnu++14";
				CLANG_CXX_LIBRARY = "libc++";
				CLANG_ENABLE_MODULES = YES;
				CLANG_ENABLE_OBJC_ARC = YES;
				CLANG_ENABLE_OBJC_WEAK = YES;
				CLANG_WARN_BLOCK_CAPTURE_AUTORELEASING = YES;
				CLANG_WARN_BOOL_CONVERSION = YES;
				CLANG_WARN_COMMA = YES;
				CLANG_WARN_CONSTANT_CONVERSION = YES;
				CLANG_WARN_DEPRECATED_OBJC_IMPLEMENTATIONS = YES;
				CLANG_WARN_DIRECT_OBJC_ISA_USAGE = YES_ERROR;
				CLANG_WARN_DOCUMENTATION_COMMENTS = YES;
				CLANG_WARN_EMPTY_BODY = YES;
				CLANG_WARN_ENUM_CONVERSION = YES;
				CLANG_WARN_INFINITE_RECURSION = YES;
				CLANG_WARN_INT_CONVERSION = YES;
				CLANG_WARN_NON_LITERAL_NULL_CONVERSION = YES;
				CLANG_WARN_OBJC_IMPLICIT_RETAIN_SELF = YES;
				CLANG_WARN_OBJC_LITERAL_CONVERSION = YES;
				CLANG_WARN_OBJC_ROOT_CLASS = YES_ERROR;
				CLANG_WARN_RANGE_LOOP_ANALYSIS = YES;
				CLANG_WARN_STRICT_PROTOTYPES = YES;
				CLANG_WARN_SUSPICIOUS_MOVE = YES;
				CLANG_WARN_UNGUARDED_AVAILABILITY = YES_AGGRESSIVE;
				CLANG_WARN_UNREACHABLE_CODE = YES;
				CLANG_WARN__DUPLICATE_METHOD_MATCH = YES;
				COPY_PHASE_STRIP = NO;
				DEBUG_INFORMATION_FORMAT = dwarf;
				ENABLE_STRICT_OBJC_MSGSEND = YES;
				ENABLE_TESTABILITY = YES;
				GCC_C_LANGUAGE_STANDARD = gnu11;
				GCC_DYNAMIC_NO_PIC = NO;
				GCC_NO_COMMON_BLOCKS = YES;
				GCC_OPTIMIZATION_LEVEL = 0;
				GCC_PREPROCESSOR_DEFINITIONS = (
					"DEBUG=1",
					"$(inherited)",
				);
				GCC_WARN_64_TO_32_BIT_CONVERSION = YES;
				GCC_WARN_ABOUT_RETURN_TYPE = YES_ERROR;
				GCC_WARN_UNDECLARED_SELECTOR = YES;
				GCC_WARN_UNINITIALIZED_AUTOS = YES_AGGRESSIVE;
				GCC_WARN_UNUSED_FUNCTION = YES;
				GCC_WARN_UNUSED_VARIABLE = YES;
				IPHONEOS_DEPLOYMENT_TARGET = 13.2;
				MTL_ENABLE_DEBUG_INFO = INCLUDE_SOURCE;
				MTL_FAST_MATH = YES;
				ONLY_ACTIVE_ARCH = YES;
				SDKROOT = iphoneos;
				SWIFT_ACTIVE_COMPILATION_CONDITIONS = DEBUG;
				SWIFT_OPTIMIZATION_LEVEL = "-Onone";
			};
			name = Debug;
		};
		EAAC9B4B26264CF000DE02D8 /* Release */ = {
			isa = XCBuildConfiguration;
			buildSettings = {
				ALWAYS_SEARCH_USER_PATHS = NO;
				CLANG_ANALYZER_NONNULL = YES;
				CLANG_ANALYZER_NUMBER_OBJECT_CONVERSION = YES_AGGRESSIVE;
				CLANG_CXX_LANGUAGE_STANDARD = "gnu++14";
				CLANG_CXX_LIBRARY = "libc++";
				CLANG_ENABLE_MODULES = YES;
				CLANG_ENABLE_OBJC_ARC = YES;
				CLANG_ENABLE_OBJC_WEAK = YES;
				CLANG_WARN_BLOCK_CAPTURE_AUTORELEASING = YES;
				CLANG_WARN_BOOL_CONVERSION = YES;
				CLANG_WARN_COMMA = YES;
				CLANG_WARN_CONSTANT_CONVERSION = YES;
				CLANG_WARN_DEPRECATED_OBJC_IMPLEMENTATIONS = YES;
				CLANG_WARN_DIRECT_OBJC_ISA_USAGE = YES_ERROR;
				CLANG_WARN_DOCUMENTATION_COMMENTS = YES;
				CLANG_WARN_EMPTY_BODY = YES;
				CLANG_WARN_ENUM_CONVERSION = YES;
				CLANG_WARN_INFINITE_RECURSION = YES;
				CLANG_WARN_INT_CONVERSION = YES;
				CLANG_WARN_NON_LITERAL_NULL_CONVERSION = YES;
				CLANG_WARN_OBJC_IMPLICIT_RETAIN_SELF = YES;
				CLANG_WARN_OBJC_LITERAL_CONVERSION = YES;
				CLANG_WARN_OBJC_ROOT_CLASS = YES_ERROR;
				CLANG_WARN_RANGE_LOOP_ANALYSIS = YES;
				CLANG_WARN_STRICT_PROTOTYPES = YES;
				CLANG_WARN_SUSPICIOUS_MOVE = YES;
				CLANG_WARN_UNGUARDED_AVAILABILITY = YES_AGGRESSIVE;
				CLANG_WARN_UNREACHABLE_CODE = YES;
				CLANG_WARN__DUPLICATE_METHOD_MATCH = YES;
				COPY_PHASE_STRIP = NO;
				DEBUG_INFORMATION_FORMAT = "dwarf-with-dsym";
				ENABLE_NS_ASSERTIONS = NO;
				ENABLE_STRICT_OBJC_MSGSEND = YES;
				GCC_C_LANGUAGE_STANDARD = gnu11;
				GCC_NO_COMMON_BLOCKS = YES;
				GCC_WARN_64_TO_32_BIT_CONVERSION = YES;
				GCC_WARN_ABOUT_RETURN_TYPE = YES_ERROR;
				GCC_WARN_UNDECLARED_SELECTOR = YES;
				GCC_WARN_UNINITIALIZED_AUTOS = YES_AGGRESSIVE;
				GCC_WARN_UNUSED_FUNCTION = YES;
				GCC_WARN_UNUSED_VARIABLE = YES;
				IPHONEOS_DEPLOYMENT_TARGET = 13.2;
				MTL_ENABLE_DEBUG_INFO = NO;
				MTL_FAST_MATH = YES;
				SDKROOT = iphoneos;
				SWIFT_COMPILATION_MODE = wholemodule;
				SWIFT_OPTIMIZATION_LEVEL = "-O";
				VALIDATE_PRODUCT = YES;
			};
			name = Release;
		};
		EAAC9B4D26264CF000DE02D8 /* Debug */ = {
			isa = XCBuildConfiguration;
			buildSettings = {
				ASSETCATALOG_COMPILER_APPICON_NAME = AppIcon;
				CODE_SIGN_STYLE = Automatic;
				INFOPLIST_FILE = Actividad10_UPG/Info.plist;
				LD_RUNPATH_SEARCH_PATHS = (
					"$(inherited)",
					"@executable_path/Frameworks",
				);
				PRODUCT_BUNDLE_IDENTIFIER = "Tecmilenio.Actividad10-UPG";
				PRODUCT_NAME = "$(TARGET_NAME)";
				SWIFT_VERSION = 5.0;
				TARGETED_DEVICE_FAMILY = "1,2";
			};
			name = Debug;
		};
		EAAC9B4E26264CF000DE02D8 /* Release */ = {
			isa = XCBuildConfiguration;
			buildSettings = {
				ASSETCATALOG_COMPILER_APPICON_NAME = AppIcon;
				CODE_SIGN_STYLE = Automatic;
				INFOPLIST_FILE = Actividad10_UPG/Info.plist;
				LD_RUNPATH_SEARCH_PATHS = (
					"$(inherited)",
					"@executable_path/Frameworks",
				);
				PRODUCT_BUNDLE_IDENTIFIER = "Tecmilenio.Actividad10-UPG";
				PRODUCT_NAME = "$(TARGET_NAME)";
				SWIFT_VERSION = 5.0;
				TARGETED_DEVICE_FAMILY = "1,2";
			};
			name = Release;
		};
		EAAC9B5026264CF000DE02D8 /* Debug */ = {
			isa = XCBuildConfiguration;
			buildSettings = {
				ALWAYS_EMBED_SWIFT_STANDARD_LIBRARIES = YES;
				BUNDLE_LOADER = "$(TEST_HOST)";
				CODE_SIGN_STYLE = Automatic;
				INFOPLIST_FILE = Actividad10_UPGTests/Info.plist;
				IPHONEOS_DEPLOYMENT_TARGET = 13.2;
				LD_RUNPATH_SEARCH_PATHS = (
					"$(inherited)",
					"@executable_path/Frameworks",
					"@loader_path/Frameworks",
				);
				PRODUCT_BUNDLE_IDENTIFIER = "Tecmilenio.Actividad10-UPGTests";
				PRODUCT_NAME = "$(TARGET_NAME)";
				SWIFT_VERSION = 5.0;
				TARGETED_DEVICE_FAMILY = "1,2";
				TEST_HOST = "$(BUILT_PRODUCTS_DIR)/Actividad10_UPG.app/Actividad10_UPG";
			};
			name = Debug;
		};
		EAAC9B5126264CF000DE02D8 /* Release */ = {
			isa = XCBuildConfiguration;
			buildSettings = {
				ALWAYS_EMBED_SWIFT_STANDARD_LIBRARIES = YES;
				BUNDLE_LOADER = "$(TEST_HOST)";
				CODE_SIGN_STYLE = Automatic;
				INFOPLIST_FILE = Actividad10_UPGTests/Info.plist;
				IPHONEOS_DEPLOYMENT_TARGET = 13.2;
				LD_RUNPATH_SEARCH_PATHS = (
					"$(inherited)",
					"@executable_path/Frameworks",
					"@loader_path/Frameworks",
				);
				PRODUCT_BUNDLE_IDENTIFIER = "Tecmilenio.Actividad10-UPGTests";
				PRODUCT_NAME = "$(TARGET_NAME)";
				SWIFT_VERSION = 5.0;
				TARGETED_DEVICE_FAMILY = "1,2";
				TEST_HOST = "$(BUILT_PRODUCTS_DIR)/Actividad10_UPG.app/Actividad10_UPG";
			};
			name = Release;
		};
		EAAC9B5326264CF000DE02D8 /* Debug */ = {
			isa = XCBuildConfiguration;
			buildSettings = {
				ALWAYS_EMBED_SWIFT_STANDARD_LIBRARIES = YES;
				CODE_SIGN_STYLE = Automatic;
				INFOPLIST_FILE = Actividad10_UPGUITests/Info.plist;
				LD_RUNPATH_SEARCH_PATHS = (
					"$(inherited)",
					"@executable_path/Frameworks",
					"@loader_path/Frameworks",
				);
				PRODUCT_BUNDLE_IDENTIFIER = "Tecmilenio.Actividad10-UPGUITests";
				PRODUCT_NAME = "$(TARGET_NAME)";
				SWIFT_VERSION = 5.0;
				TARGETED_DEVICE_FAMILY = "1,2";
				TEST_TARGET_NAME = Actividad10_UPG;
			};
			name = Debug;
		};
		EAAC9B5426264CF000DE02D8 /* Release */ = {
			isa = XCBuildConfiguration;
			buildSettings = {
				ALWAYS_EMBED_SWIFT_STANDARD_LIBRARIES = YES;
				CODE_SIGN_STYLE = Automatic;
				INFOPLIST_FILE = Actividad10_UPGUITests/Info.plist;
				LD_RUNPATH_SEARCH_PATHS = (
					"$(inherited)",
					"@executable_path/Frameworks",
					"@loader_path/Frameworks",
				);
				PRODUCT_BUNDLE_IDENTIFIER = "Tecmilenio.Actividad10-UPGUITests";
				PRODUCT_NAME = "$(TARGET_NAME)";
				SWIFT_VERSION = 5.0;
				TARGETED_DEVICE_FAMILY = "1,2";
				TEST_TARGET_NAME = Actividad10_UPG;
			};
			name = Release;
		};
/* End XCBuildConfiguration section */

/* Begin XCConfigurationList section */
		EAAC9B1D26264CEE00DE02D8 /* Build configuration list for PBXProject "Actividad10_UPG" */ = {
			isa = XCConfigurationList;
			buildConfigurations = (
				EAAC9B4A26264CF000DE02D8 /* Debug */,
				EAAC9B4B26264CF000DE02D8 /* Release */,
			);
			defaultConfigurationIsVisible = 0;
			defaultConfigurationName = Release;
		};
		EAAC9B4C26264CF000DE02D8 /* Build configuration list for PBXNativeTarget "Actividad10_UPG" */ = {
			isa = XCConfigurationList;
			buildConfigurations = (
				EAAC9B4D26264CF000DE02D8 /* Debug */,
				EAAC9B4E26264CF000DE02D8 /* Release */,
			);
			defaultConfigurationIsVisible = 0;
			defaultConfigurationName = Release;
		};
		EAAC9B4F26264CF000DE02D8 /* Build configuration list for PBXNativeTarget "Actividad10_UPGTests" */ = {
			isa = XCConfigurationList;
			buildConfigurations = (
				EAAC9B5026264CF000DE02D8 /* Debug */,
				EAAC9B5126264CF000DE02D8 /* Release */,
			);
			defaultConfigurationIsVisible = 0;
			defaultConfigurationName = Release;
		};
		EAAC9B5226264CF000DE02D8 /* Build configuration list for PBXNativeTarget "Actividad10_UPGUITests" */ = {
			isa = XCConfigurationList;
			buildConfigurations = (
				EAAC9B5326264CF000DE02D8 /* Debug */,
				EAAC9B5426264CF000DE02D8 /* Release */,
			);
			defaultConfigurationIsVisible = 0;
			defaultConfigurationName = Release;
		};
/* End XCConfigurationList section */
	};
	rootObject = EAAC9B1A26264CEE00DE02D8 /* Project object */;
}
